// !$*UTF8*$!
{
	archiveVersion = 1;
	classes = {
	};
	objectVersion = 55;
	objects = {

/* Begin PBXBuildFile section */
		3807D4D1C9EA2BDF42C86DFA /* Pods_MediaPlayer.framework in Frameworks */ = {isa = PBXBuildFile; fileRef = 3867154DDF5C62AD65F90343 /* Pods_MediaPlayer.framework */; };
		EA24752B28453C61002EBF10 /* AVViewController.swift in Sources */ = {isa = PBXBuildFile; fileRef = EA24752A28453C61002EBF10 /* AVViewController.swift */; };
		EAD824EE284274D80062A895 /* AppDelegate.swift in Sources */ = {isa = PBXBuildFile; fileRef = EAD824ED284274D80062A895 /* AppDelegate.swift */; };
		EAD824F0284274D80062A895 /* SceneDelegate.swift in Sources */ = {isa = PBXBuildFile; fileRef = EAD824EF284274D80062A895 /* SceneDelegate.swift */; };
		EAD824F5284274D80062A895 /* Main.storyboard in Resources */ = {isa = PBXBuildFile; fileRef = EAD824F3284274D80062A895 /* Main.storyboard */; };
		EAD824F7284274D90062A895 /* Assets.xcassets in Resources */ = {isa = PBXBuildFile; fileRef = EAD824F6284274D90062A895 /* Assets.xcassets */; };
		EAD82506284275A80062A895 /* Video.swift in Sources */ = {isa = PBXBuildFile; fileRef = EAD82505284275A80062A895 /* Video.swift */; };
		EAD82508284275D20062A895 /* VideoController.swift in Sources */ = {isa = PBXBuildFile; fileRef = EAD82507284275D20062A895 /* VideoController.swift */; };
		EAD8250A284275EF0062A895 /* VideoViewController.swift in Sources */ = {isa = PBXBuildFile; fileRef = EAD82509284275EF0062A895 /* VideoViewController.swift */; };
		EAD8250C284276050062A895 /* PostTableViewController.swift in Sources */ = {isa = PBXBuildFile; fileRef = EAD8250B284276050062A895 /* PostTableViewController.swift */; };
		EAD8250E284277270062A895 /* Error.swift in Sources */ = {isa = PBXBuildFile; fileRef = EAD8250D284277270062A895 /* Error.swift */; };
		EAD82510284279DF0062A895 /* PostTableViewCell.swift in Sources */ = {isa = PBXBuildFile; fileRef = EAD8250F284279DF0062A895 /* PostTableViewCell.swift */; };
/* End PBXBuildFile section */

/* Begin PBXFileReference section */
		3867154DDF5C62AD65F90343 /* Pods_MediaPlayer.framework */ = {isa = PBXFileReference; explicitFileType = wrapper.framework; includeInIndex = 0; path = Pods_MediaPlayer.framework; sourceTree = BUILT_PRODUCTS_DIR; };
		4FF20F2A863EAA67B7886B82 /* Pods-MediaPlayer.release.xcconfig */ = {isa = PBXFileReference; includeInIndex = 1; lastKnownFileType = text.xcconfig; name = "Pods-MediaPlayer.release.xcconfig"; path = "Target Support Files/Pods-MediaPlayer/Pods-MediaPlayer.release.xcconfig"; sourceTree = "<group>"; };
		D2B04B7766C55A8BE91C8E6B /* Pods-MediaPlayer.debug.xcconfig */ = {isa = PBXFileReference; includeInIndex = 1; lastKnownFileType = text.xcconfig; name = "Pods-MediaPlayer.debug.xcconfig"; path = "Target Support Files/Pods-MediaPlayer/Pods-MediaPlayer.debug.xcconfig"; sourceTree = "<group>"; };
		EA24752A28453C61002EBF10 /* AVViewController.swift */ = {isa = PBXFileReference; lastKnownFileType = sourcecode.swift; path = AVViewController.swift; sourceTree = "<group>"; };
		EAD824EA284274D80062A895 /* MediaPlayer.app */ = {isa = PBXFileReference; explicitFileType = wrapper.application; includeInIndex = 0; path = MediaPlayer.app; sourceTree = BUILT_PRODUCTS_DIR; };
		EAD824ED284274D80062A895 /* AppDelegate.swift */ = {isa = PBXFileReference; lastKnownFileType = sourcecode.swift; path = AppDelegate.swift; sourceTree = "<group>"; };
		EAD824EF284274D80062A895 /* SceneDelegate.swift */ = {isa = PBXFileReference; lastKnownFileType = sourcecode.swift; path = SceneDelegate.swift; sourceTree = "<group>"; };
		EAD824F4284274D80062A895 /* Base */ = {isa = PBXFileReference; lastKnownFileType = file.storyboard; name = Base; path = Base.lproj/Main.storyboard; sourceTree = "<group>"; };
		EAD824F6284274D90062A895 /* Assets.xcassets */ = {isa = PBXFileReference; lastKnownFileType = folder.assetcatalog; path = Assets.xcassets; sourceTree = "<group>"; };
		EAD824FB284274D90062A895 /* Info.plist */ = {isa = PBXFileReference; lastKnownFileType = text.plist.xml; path = Info.plist; sourceTree = "<group>"; };
		EAD82505284275A80062A895 /* Video.swift */ = {isa = PBXFileReference; lastKnownFileType = sourcecode.swift; path = Video.swift; sourceTree = "<group>"; };
		EAD82507284275D20062A895 /* VideoController.swift */ = {isa = PBXFileReference; lastKnownFileType = sourcecode.swift; path = VideoController.swift; sourceTree = "<group>"; };
		EAD82509284275EF0062A895 /* VideoViewController.swift */ = {isa = PBXFileReference; lastKnownFileType = sourcecode.swift; path = VideoViewController.swift; sourceTree = "<group>"; };
		EAD8250B284276050062A895 /* PostTableViewController.swift */ = {isa = PBXFileReference; lastKnownFileType = sourcecode.swift; path = PostTableViewController.swift; sourceTree = "<group>"; };
		EAD8250D284277270062A895 /* Error.swift */ = {isa = PBXFileReference; lastKnownFileType = sourcecode.swift; path = Error.swift; sourceTree = "<group>"; };
		EAD8250F284279DF0062A895 /* PostTableViewCell.swift */ = {isa = PBXFileReference; lastKnownFileType = sourcecode.swift; path = PostTableViewCell.swift; sourceTree = "<group>"; };
/* End PBXFileReference section */

/* Begin PBXFrameworksBuildPhase section */
		EAD824E7284274D80062A895 /* Frameworks */ = {
			isa = PBXFrameworksBuildPhase;
			buildActionMask = 2147483647;
			files = (
				3807D4D1C9EA2BDF42C86DFA /* Pods_MediaPlayer.framework in Frameworks */,
			);
			runOnlyForDeploymentPostprocessing = 0;
		};
/* End PBXFrameworksBuildPhase section */

/* Begin PBXGroup section */
		A2C99E6A0B58B1AA08CD8B96 /* Pods */ = {
			isa = PBXGroup;
			children = (
				D2B04B7766C55A8BE91C8E6B /* Pods-MediaPlayer.debug.xcconfig */,
				4FF20F2A863EAA67B7886B82 /* Pods-MediaPlayer.release.xcconfig */,
			);
			path = Pods;
			sourceTree = "<group>";
		};
		D1A9BF2ED518926BE242E099 /* Frameworks */ = {
			isa = PBXGroup;
			children = (
				3867154DDF5C62AD65F90343 /* Pods_MediaPlayer.framework */,
			);
			name = Frameworks;
			sourceTree = "<group>";
		};
		EAD824E1284274D80062A895 = {
			isa = PBXGroup;
			children = (
				EAD824EC284274D80062A895 /* MediaPlayer */,
				EAD824EB284274D80062A895 /* Products */,
				A2C99E6A0B58B1AA08CD8B96 /* Pods */,
				D1A9BF2ED518926BE242E099 /* Frameworks */,
			);
			sourceTree = "<group>";
		};
		EAD824EB284274D80062A895 /* Products */ = {
			isa = PBXGroup;
			children = (
				EAD824EA284274D80062A895 /* MediaPlayer.app */,
			);
			name = Products;
			sourceTree = "<group>";
		};
		EAD824EC284274D80062A895 /* MediaPlayer */ = {
			isa = PBXGroup;
			children = (
				EAD82504284275460062A895 /* Models */,
				EAD82503284275330062A895 /* Controllers */,
				EAD82502284274FF0062A895 /* Views */,
				EAD82501284274ED0062A895 /* Resources */,
			);
			path = MediaPlayer;
			sourceTree = "<group>";
		};
		EAD82501284274ED0062A895 /* Resources */ = {
			isa = PBXGroup;
			children = (
				EAD824ED284274D80062A895 /* AppDelegate.swift */,
				EAD824EF284274D80062A895 /* SceneDelegate.swift */,
				EAD824F6284274D90062A895 /* Assets.xcassets */,
				EAD824FB284274D90062A895 /* Info.plist */,
				EAD8250D284277270062A895 /* Error.swift */,
			);
			path = Resources;
			sourceTree = "<group>";
		};
		EAD82502284274FF0062A895 /* Views */ = {
			isa = PBXGroup;
			children = (
				EAD824F3284274D80062A895 /* Main.storyboard */,
				EAD8250F284279DF0062A895 /* PostTableViewCell.swift */,
			);
			path = Views;
			sourceTree = "<group>";
		};
		EAD82503284275330062A895 /* Controllers */ = {
			isa = PBXGroup;
			children = (
				EAD82507284275D20062A895 /* VideoController.swift */,
				EAD8250B284276050062A895 /* PostTableViewController.swift */,
				EAD82509284275EF0062A895 /* VideoViewController.swift */,
				EA24752A28453C61002EBF10 /* AVViewController.swift */,
			);
			path = Controllers;
			sourceTree = "<group>";
		};
		EAD82504284275460062A895 /* Models */ = {
			isa = PBXGroup;
			children = (
				EAD82505284275A80062A895 /* Video.swift */,
			);
			path = Models;
			sourceTree = "<group>";
		};
/* End PBXGroup section */

/* Begin PBXNativeTarget section */
		EAD824E9284274D80062A895 /* MediaPlayer */ = {
			isa = PBXNativeTarget;
			buildConfigurationList = EAD824FE284274D90062A895 /* Build configuration list for PBXNativeTarget "MediaPlayer" */;
			buildPhases = (
				ABC63A1230FE73EC524478A0 /* [CP] Check Pods Manifest.lock */,
				EAD824E6284274D80062A895 /* Sources */,
				EAD824E7284274D80062A895 /* Frameworks */,
				EAD824E8284274D80062A895 /* Resources */,
				34B8CCD545103CACB4BA55EF /* [CP] Embed Pods Frameworks */,
			);
			buildRules = (
			);
			dependencies = (
			);
			name = MediaPlayer;
			productName = MediaPlayer;
			productReference = EAD824EA284274D80062A895 /* MediaPlayer.app */;
			productType = "com.apple.product-type.application";
		};
/* End PBXNativeTarget section */

/* Begin PBXProject section */
		EAD824E2284274D80062A895 /* Project object */ = {
			isa = PBXProject;
			attributes = {
				BuildIndependentTargetsInParallel = 1;
				LastSwiftUpdateCheck = 1340;
				LastUpgradeCheck = 1340;
				TargetAttributes = {
					EAD824E9284274D80062A895 = {
						CreatedOnToolsVersion = 13.4;
					};
				};
			};
			buildConfigurationList = EAD824E5284274D80062A895 /* Build configuration list for PBXProject "MediaPlayer" */;
			compatibilityVersion = "Xcode 13.0";
			developmentRegion = en;
			hasScannedForEncodings = 0;
			knownRegions = (
				en,
				Base,
			);
			mainGroup = EAD824E1284274D80062A895;
			productRefGroup = EAD824EB284274D80062A895 /* Products */;
			projectDirPath = "";
			projectRoot = "";
			targets = (
				EAD824E9284274D80062A895 /* MediaPlayer */,
			);
		};
/* End PBXProject section */

/* Begin PBXResourcesBuildPhase section */
		EAD824E8284274D80062A895 /* Resources */ = {
			isa = PBXResourcesBuildPhase;
			buildActionMask = 2147483647;
			files = (
				EAD824F7284274D90062A895 /* Assets.xcassets in Resources */,
				EAD824F5284274D80062A895 /* Main.storyboard in Resources */,
			);
			runOnlyForDeploymentPostprocessing = 0;
		};
/* End PBXResourcesBuildPhase section */

/* Begin PBXShellScriptBuildPhase section */
		34B8CCD545103CACB4BA55EF /* [CP] Embed Pods Frameworks */ = {
			isa = PBXShellScriptBuildPhase;
			buildActionMask = 2147483647;
			files = (
			);
			inputFileListPaths = (
				"${PODS_ROOT}/Target Support Files/Pods-MediaPlayer/Pods-MediaPlayer-frameworks-${CONFIGURATION}-input-files.xcfilelist",
			);
			name = "[CP] Embed Pods Frameworks";
			outputFileListPaths = (
				"${PODS_ROOT}/Target Support Files/Pods-MediaPlayer/Pods-MediaPlayer-frameworks-${CONFIGURATION}-output-files.xcfilelist",
			);
			runOnlyForDeploymentPostprocessing = 0;
			shellPath = /bin/sh;
			shellScript = "\"${PODS_ROOT}/Target Support Files/Pods-MediaPlayer/Pods-MediaPlayer-frameworks.sh\"\n";
			showEnvVarsInLog = 0;
		};
		ABC63A1230FE73EC524478A0 /* [CP] Check Pods Manifest.lock */ = {
			isa = PBXShellScriptBuildPhase;
			buildActionMask = 2147483647;
			files = (
			);
			inputFileListPaths = (
			);
			inputPaths = (
				"${PODS_PODFILE_DIR_PATH}/Podfile.lock",
				"${PODS_ROOT}/Manifest.lock",
			);
			name = "[CP] Check Pods Manifest.lock";
			outputFileListPaths = (
			);
			outputPaths = (
				"$(DERIVED_FILE_DIR)/Pods-MediaPlayer-checkManifestLockResult.txt",
			);
			runOnlyForDeploymentPostprocessing = 0;
			shellPath = /bin/sh;
			shellScript = "diff \"${PODS_PODFILE_DIR_PATH}/Podfile.lock\" \"${PODS_ROOT}/Manifest.lock\" > /dev/null\nif [ $? != 0 ] ; then\n    # print error to STDERR\n    echo \"error: The sandbox is not in sync with the Podfile.lock. Run 'pod install' or update your CocoaPods installation.\" >&2\n    exit 1\nfi\n# This output is used by Xcode 'outputs' to avoid re-running this script phase.\necho \"SUCCESS\" > \"${SCRIPT_OUTPUT_FILE_0}\"\n";
			showEnvVarsInLog = 0;
		};
/* End PBXShellScriptBuildPhase section */

/* Begin PBXSourcesBuildPhase section */
		EAD824E6284274D80062A895 /* Sources */ = {
			isa = PBXSourcesBuildPhase;
			buildActionMask = 2147483647;
			files = (
				EAD824EE284274D80062A895 /* AppDelegate.swift in Sources */,
				EAD8250C284276050062A895 /* PostTableViewController.swift in Sources */,
				EAD82506284275A80062A895 /* Video.swift in Sources */,
				EA24752B28453C61002EBF10 /* AVViewController.swift in Sources */,
				EAD82510284279DF0062A895 /* PostTableViewCell.swift in Sources */,
				EAD824F0284274D80062A895 /* SceneDelegate.swift in Sources */,
				EAD8250A284275EF0062A895 /* VideoViewController.swift in Sources */,
				EAD8250E284277270062A895 /* Error.swift in Sources */,
				EAD82508284275D20062A895 /* VideoController.swift in Sources */,
			);
			runOnlyForDeploymentPostprocessing = 0;
		};
/* End PBXSourcesBuildPhase section */

/* Begin PBXVariantGroup section */
		EAD824F3284274D80062A895 /* Main.storyboard */ = {
			isa = PBXVariantGroup;
			children = (
				EAD824F4284274D80062A895 /* Base */,
			);
			name = Main.storyboard;
			sourceTree = "<group>";
		};
/* End PBXVariantGroup section */

/* Begin XCBuildConfiguration section */
		EAD824FC284274D90062A895 /* Debug */ = {
			isa = XCBuildConfiguration;
			buildSettings = {
				ALWAYS_SEARCH_USER_PATHS = NO;
				CLANG_ANALYZER_NONNULL = YES;
				CLANG_ANALYZER_NUMBER_OBJECT_CONVERSION = YES_AGGRESSIVE;
				CLANG_CXX_LANGUAGE_STANDARD = "gnu++17";
				CLANG_ENABLE_MODULES = YES;
				CLANG_ENABLE_OBJC_ARC = YES;
				CLANG_ENABLE_OBJC_WEAK = YES;
				CLANG_WARN_BLOCK_CAPTURE_AUTORELEASING = YES;
				CLANG_WARN_BOOL_CONVERSION = YES;
				CLANG_WARN_COMMA = YES;
				CLANG_WARN_CONSTANT_CONVERSION = YES;
				CLANG_WARN_DEPRECATED_OBJC_IMPLEMENTATIONS = YES;
				CLANG_WARN_DIRECT_OBJC_ISA_USAGE = YES_ERROR;
				CLANG_WARN_DOCUMENTATION_COMMENTS = YES;
				CLANG_WARN_EMPTY_BODY = YES;
				CLANG_WARN_ENUM_CONVERSION = YES;
				CLANG_WARN_INFINITE_RECURSION = YES;
				CLANG_WARN_INT_CONVERSION = YES;
				CLANG_WARN_NON_LITERAL_NULL_CONVERSION = YES;
				CLANG_WARN_OBJC_IMPLICIT_RETAIN_SELF = YES;
				CLANG_WARN_OBJC_LITERAL_CONVERSION = YES;
				CLANG_WARN_OBJC_ROOT_CLASS = YES_ERROR;
				CLANG_WARN_QUOTED_INCLUDE_IN_FRAMEWORK_HEADER = YES;
				CLANG_WARN_RANGE_LOOP_ANALYSIS = YES;
				CLANG_WARN_STRICT_PROTOTYPES = YES;
				CLANG_WARN_SUSPICIOUS_MOVE = YES;
				CLANG_WARN_UNGUARDED_AVAILABILITY = YES_AGGRESSIVE;
				CLANG_WARN_UNREACHABLE_CODE = YES;
				CLANG_WARN__DUPLICATE_METHOD_MATCH = YES;
				COPY_PHASE_STRIP = NO;
				DEBUG_INFORMATION_FORMAT = dwarf;
				ENABLE_STRICT_OBJC_MSGSEND = YES;
				ENABLE_TESTABILITY = YES;
				GCC_C_LANGUAGE_STANDARD = gnu11;
				GCC_DYNAMIC_NO_PIC = NO;
				GCC_NO_COMMON_BLOCKS = YES;
				GCC_OPTIMIZATION_LEVEL = 0;
				GCC_PREPROCESSOR_DEFINITIONS = (
					"DEBUG=1",
					"$(inherited)",
				);
				GCC_WARN_64_TO_32_BIT_CONVERSION = YES;
				GCC_WARN_ABOUT_RETURN_TYPE = YES_ERROR;
				GCC_WARN_UNDECLARED_SELECTOR = YES;
				GCC_WARN_UNINITIALIZED_AUTOS = YES_AGGRESSIVE;
				GCC_WARN_UNUSED_FUNCTION = YES;
				GCC_WARN_UNUSED_VARIABLE = YES;
				IPHONEOS_DEPLOYMENT_TARGET = 15.5;
				MTL_ENABLE_DEBUG_INFO = INCLUDE_SOURCE;
				MTL_FAST_MATH = YES;
				ONLY_ACTIVE_ARCH = YES;
				SDKROOT = iphoneos;
				SWIFT_ACTIVE_COMPILATION_CONDITIONS = DEBUG;
				SWIFT_OPTIMIZATION_LEVEL = "-Onone";
			};
			name = Debug;
		};
		EAD824FD284274D90062A895 /* Release */ = {
			isa = XCBuildConfiguration;
			buildSettings = {
				ALWAYS_SEARCH_USER_PATHS = NO;
				CLANG_ANALYZER_NONNULL = YES;
				CLANG_ANALYZER_NUMBER_OBJECT_CONVERSION = YES_AGGRESSIVE;
				CLANG_CXX_LANGUAGE_STANDARD = "gnu++17";
				CLANG_ENABLE_MODULES = YES;
				CLANG_ENABLE_OBJC_ARC = YES;
				CLANG_ENABLE_OBJC_WEAK = YES;
				CLANG_WARN_BLOCK_CAPTURE_AUTORELEASING = YES;
				CLANG_WARN_BOOL_CONVERSION = YES;
				CLANG_WARN_COMMA = YES;
				CLANG_WARN_CONSTANT_CONVERSION = YES;
				CLANG_WARN_DEPRECATED_OBJC_IMPLEMENTATIONS = YES;
				CLANG_WARN_DIRECT_OBJC_ISA_USAGE = YES_ERROR;
				CLANG_WARN_DOCUMENTATION_COMMENTS = YES;
				CLANG_WARN_EMPTY_BODY = YES;
				CLANG_WARN_ENUM_CONVERSION = YES;
				CLANG_WARN_INFINITE_RECURSION = YES;
				CLANG_WARN_INT_CONVERSION = YES;
				CLANG_WARN_NON_LITERAL_NULL_CONVERSION = YES;
				CLANG_WARN_OBJC_IMPLICIT_RETAIN_SELF = YES;
				CLANG_WARN_OBJC_LITERAL_CONVERSION = YES;
				CLANG_WARN_OBJC_ROOT_CLASS = YES_ERROR;
				CLANG_WARN_QUOTED_INCLUDE_IN_FRAMEWORK_HEADER = YES;
				CLANG_WARN_RANGE_LOOP_ANALYSIS = YES;
				CLANG_WARN_STRICT_PROTOTYPES = YES;
				CLANG_WARN_SUSPICIOUS_MOVE = YES;
				CLANG_WARN_UNGUARDED_AVAILABILITY = YES_AGGRESSIVE;
				CLANG_WARN_UNREACHABLE_CODE = YES;
				CLANG_WARN__DUPLICATE_METHOD_MATCH = YES;
				COPY_PHASE_STRIP = NO;
				DEBUG_INFORMATION_FORMAT = "dwarf-with-dsym";
				ENABLE_NS_ASSERTIONS = NO;
				ENABLE_STRICT_OBJC_MSGSEND = YES;
				GCC_C_LANGUAGE_STANDARD = gnu11;
				GCC_NO_COMMON_BLOCKS = YES;
				GCC_WARN_64_TO_32_BIT_CONVERSION = YES;
				GCC_WARN_ABOUT_RETURN_TYPE = YES_ERROR;
				GCC_WARN_UNDECLARED_SELECTOR = YES;
				GCC_WARN_UNINITIALIZED_AUTOS = YES_AGGRESSIVE;
				GCC_WARN_UNUSED_FUNCTION = YES;
				GCC_WARN_UNUSED_VARIABLE = YES;
				IPHONEOS_DEPLOYMENT_TARGET = 15.5;
				MTL_ENABLE_DEBUG_INFO = NO;
				MTL_FAST_MATH = YES;
				SDKROOT = iphoneos;
				SWIFT_COMPILATION_MODE = wholemodule;
				SWIFT_OPTIMIZATION_LEVEL = "-O";
				VALIDATE_PRODUCT = YES;
			};
			name = Release;
		};
		EAD824FF284274D90062A895 /* Debug */ = {
			isa = XCBuildConfiguration;
			baseConfigurationReference = D2B04B7766C55A8BE91C8E6B /* Pods-MediaPlayer.debug.xcconfig */;
			buildSettings = {
				ASSETCATALOG_COMPILER_APPICON_NAME = AppIcon;
				ASSETCATALOG_COMPILER_GLOBAL_ACCENT_COLOR_NAME = AccentColor;
				CODE_SIGN_STYLE = Automatic;
				CURRENT_PROJECT_VERSION = 1;
				DEVELOPMENT_TEAM = SP8PT7VLP6;
				GENERATE_INFOPLIST_FILE = YES;
				INFOPLIST_FILE = MediaPlayer/Resources/Info.plist;
				INFOPLIST_KEY_UIApplicationSupportsIndirectInputEvents = YES;
				INFOPLIST_KEY_UILaunchStoryboardName = LaunchScreen;
				INFOPLIST_KEY_UIMainStoryboardFile = Main;
				INFOPLIST_KEY_UISupportedInterfaceOrientations_iPad = "UIInterfaceOrientationPortrait UIInterfaceOrientationPortraitUpsideDown UIInterfaceOrientationLandscapeLeft UIInterfaceOrientationLandscapeRight";
				INFOPLIST_KEY_UISupportedInterfaceOrientations_iPhone = "UIInterfaceOrientationPortrait UIInterfaceOrientationLandscapeLeft UIInterfaceOrientationLandscapeRight";
				LD_RUNPATH_SEARCH_PATHS = (
					"$(inherited)",
					"@executable_path/Frameworks",
				);
				MARKETING_VERSION = 1.0;
				PRODUCT_BUNDLE_IDENTIFIER = com.GavinWoffinden.MediaPlayer;
				PRODUCT_NAME = "$(TARGET_NAME)";
				SWIFT_EMIT_LOC_STRINGS = YES;
				SWIFT_VERSION = 5.0;
				TARGETED_DEVICE_FAMILY = "1,2";
			};
			name = Debug;
		};
		EAD82500284274D90062A895 /* Release */ = {
			isa = XCBuildConfiguration;
			baseConfigurationReference = 4FF20F2A863EAA67B7886B82 /* Pods-MediaPlayer.release.xcconfig */;
			buildSettings = {
				ASSETCATALOG_COMPILER_APPICON_NAME = AppIcon;
				ASSETCATALOG_COMPILER_GLOBAL_ACCENT_COLOR_NAME = AccentColor;
				CODE_SIGN_STYLE = Automatic;
				CURRENT_PROJECT_VERSION = 1;
				DEVELOPMENT_TEAM = SP8PT7VLP6;
				GENERATE_INFOPLIST_FILE = YES;
				INFOPLIST_FILE = MediaPlayer/Resources/Info.plist;
				INFOPLIST_KEY_UIApplicationSupportsIndirectInputEvents = YES;
				INFOPLIST_KEY_UILaunchStoryboardName = LaunchScreen;
				INFOPLIST_KEY_UIMainStoryboardFile = Main;
				INFOPLIST_KEY_UISupportedInterfaceOrientations_iPad = "UIInterfaceOrientationPortrait UIInterfaceOrientationPortraitUpsideDown UIInterfaceOrientationLandscapeLeft UIInterfaceOrientationLandscapeRight";
				INFOPLIST_KEY_UISupportedInterfaceOrientations_iPhone = "UIInterfaceOrientationPortrait UIInterfaceOrientationLandscapeLeft UIInterfaceOrientationLandscapeRight";
				LD_RUNPATH_SEARCH_PATHS = (
					"$(inherited)",
					"@executable_path/Frameworks",
				);
				MARKETING_VERSION = 1.0;
				PRODUCT_BUNDLE_IDENTIFIER = com.GavinWoffinden.MediaPlayer;
				PRODUCT_NAME = "$(TARGET_NAME)";
				SWIFT_EMIT_LOC_STRINGS = YES;
				SWIFT_VERSION = 5.0;
				TARGETED_DEVICE_FAMILY = "1,2";
			};
			name = Release;
		};
/* End XCBuildConfiguration section */

/* Begin XCConfigurationList section */
		EAD824E5284274D80062A895 /* Build configuration list for PBXProject "MediaPlayer" */ = {
			isa = XCConfigurationList;
			buildConfigurations = (
				EAD824FC284274D90062A895 /* Debug */,
				EAD824FD284274D90062A895 /* Release */,
			);
			defaultConfigurationIsVisible = 0;
			defaultConfigurationName = Release;
		};
		EAD824FE284274D90062A895 /* Build configuration list for PBXNativeTarget "MediaPlayer" */ = {
			isa = XCConfigurationList;
			buildConfigurations = (
				EAD824FF284274D90062A895 /* Debug */,
				EAD82500284274D90062A895 /* Release */,
			);
			defaultConfigurationIsVisible = 0;
			defaultConfigurationName = Release;
		};
/* End XCConfigurationList section */
	};
	rootObject = EAD824E2284274D80062A895 /* Project object */;
}
